
Microsoft Visual Studio Solution File, Format Version 12.00
# Visual Studio 15
VisualStudioVersion = 15.0.26228.10
MinimumVisualStudioVersion = 10.0.40219.1
Project("{FAE04EC0-301F-11D3-BF4B-00C04F79EFBC}") = "TicketsLostPastDue", "TicketsLostPastDue\TicketsLostPastDue.csproj", "{496BF12F-AE89-4C1E-91D6-3E0C4BBCCC07}"
EndProject
Project("{FAE04EC0-301F-11D3-BF4B-00C04F79EFBC}") = "TicketsLostPastDue.Tests", "TicketsLostPastDue.Tests\TicketsLostPastDue.Tests.csproj", "{ED185C1B-6A2C-43C5-BB13-8018BA6C5137}"
EndProject
Global
	GlobalSection(SolutionConfigurationPlatforms) = preSolution
		Debug|Any CPU = Debug|Any CPU
		Release|Any CPU = Release|Any CPU
	EndGlobalSection
	GlobalSection(ProjectConfigurationPlatforms) = postSolution
		{496BF12F-AE89-4C1E-91D6-3E0C4BBCCC07}.Debug|Any CPU.ActiveCfg = Debug|Any CPU
		{496BF12F-AE89-4C1E-91D6-3E0C4BBCCC07}.Debug|Any CPU.Build.0 = Debug|Any CPU
		{496BF12F-AE89-4C1E-91D6-3E0C4BBCCC07}.Release|Any CPU.ActiveCfg = Release|Any CPU
		{496BF12F-AE89-4C1E-91D6-3E0C4BBCCC07}.Release|Any CPU.Build.0 = Release|Any CPU
		{ED185C1B-6A2C-43C5-BB13-8018BA6C5137}.Debug|Any CPU.ActiveCfg = Debug|Any CPU
		{ED185C1B-6A2C-43C5-BB13-8018BA6C5137}.Debug|Any CPU.Build.0 = Debug|Any CPU
		{ED185C1B-6A2C-43C5-BB13-8018BA6C5137}.Release|Any CPU.ActiveCfg = Release|Any CPU
		{ED185C1B-6A2C-43C5-BB13-8018BA6C5137}.Release|Any CPU.Build.0 = Release|Any CPU
	EndGlobalSection
	GlobalSection(SolutionProperties) = preSolution
		HideSolutionNode = FALSE
	EndGlobalSection
EndGlobal
